
Microsoft Visual Studio Solution File, Format Version 12.00
# Visual Studio Version 16
VisualStudioVersion = 16.0.30330.147
MinimumVisualStudioVersion = 10.0.40219.1
Project("{FAE04EC0-301F-11D3-BF4B-00C04F79EFBC}") = "ChannelConsumer", "ChannelConsumer\ChannelConsumer.csproj", "{81C5063D-AD52-422C-97D1-F173CEF1405C}"
EndProject
Global
	GlobalSection(SolutionConfigurationPlatforms) = preSolution
		Debug|Any CPU = Debug|Any CPU
		Release|Any CPU = Release|Any CPU
	EndGlobalSection
	GlobalSection(ProjectConfigurationPlatforms) = postSolution
		{81C5063D-AD52-422C-97D1-F173CEF1405C}.Debug|Any CPU.ActiveCfg = Debug|Any CPU
		{81C5063D-AD52-422C-97D1-F173CEF1405C}.Debug|Any CPU.Build.0 = Debug|Any CPU
		{81C5063D-AD52-422C-97D1-F173CEF1405C}.Release|Any CPU.ActiveCfg = Release|Any CPU
		{81C5063D-AD52-422C-97D1-F173CEF1405C}.Release|Any CPU.Build.0 = Release|Any CPU
	EndGlobalSection
	GlobalSection(SolutionProperties) = preSolution
		HideSolutionNode = FALSE
	EndGlobalSection
	GlobalSection(ExtensibilityGlobals) = postSolution
		SolutionGuid = {6D6C23BC-535C-49FC-B2EC-5B7FE3871599}
	EndGlobalSection
EndGlobal
